
Microsoft Visual Studio Solution File, Format Version 12.00
# Visual Studio Version 17
VisualStudioVersion = 17.7.34221.43
MinimumVisualStudioVersion = 10.0.40219.1
Project("{9A19103F-16F7-4668-BE54-9A1E7A4F7556}") = "ElementaryCellularAutomataDemo", "ElementaryCellularAutomataDemo\ElementaryCellularAutomataDemo.csproj", "{13A9DD1D-E206-48E8-B932-8B714B71D8A7}"
EndProject
Project("{FAE04EC0-301F-11D3-BF4B-00C04F79EFBC}") = "GameOfLifeCellularAutomataDemo", "GameOfLifeCellularAutomataDemo\GameOfLifeCellularAutomataDemo.csproj", "{F9FE8F18-CA92-4184-8776-607F4547394A}"
EndProject
Global
	GlobalSection(SolutionConfigurationPlatforms) = preSolution
		Debug|Any CPU = Debug|Any CPU
		Release|Any CPU = Release|Any CPU
	EndGlobalSection
	GlobalSection(ProjectConfigurationPlatforms) = postSolution
		{13A9DD1D-E206-48E8-B932-8B714B71D8A7}.Debug|Any CPU.ActiveCfg = Debug|Any CPU
		{13A9DD1D-E206-48E8-B932-8B714B71D8A7}.Debug|Any CPU.Build.0 = Debug|Any CPU
		{13A9DD1D-E206-48E8-B932-8B714B71D8A7}.Release|Any CPU.ActiveCfg = Release|Any CPU
		{13A9DD1D-E206-48E8-B932-8B714B71D8A7}.Release|Any CPU.Build.0 = Release|Any CPU
		{F9FE8F18-CA92-4184-8776-607F4547394A}.Debug|Any CPU.ActiveCfg = Debug|Any CPU
		{F9FE8F18-CA92-4184-8776-607F4547394A}.Debug|Any CPU.Build.0 = Debug|Any CPU
		{F9FE8F18-CA92-4184-8776-607F4547394A}.Release|Any CPU.ActiveCfg = Release|Any CPU
		{F9FE8F18-CA92-4184-8776-607F4547394A}.Release|Any CPU.Build.0 = Release|Any CPU
	EndGlobalSection
	GlobalSection(SolutionProperties) = preSolution
		HideSolutionNode = FALSE
	EndGlobalSection
	GlobalSection(ExtensibilityGlobals) = postSolution
		SolutionGuid = {455F0CBC-22F6-4B75-9AAA-C63C3C5DF780}
	EndGlobalSection
EndGlobal
